
Microsoft Visual Studio Solution File, Format Version 12.00
# Visual Studio Version 17
VisualStudioVersion = 17.9.34728.123
MinimumVisualStudioVersion = 10.0.40219.1
Project("{FAE04EC0-301F-11D3-BF4B-00C04F79EFBC}") = "Day8Project", "Day8Project\Day8Project.csproj", "{027A682D-5E01-42DE-8C34-BC921191AA25}"
EndProject
Global
	GlobalSection(SolutionConfigurationPlatforms) = preSolution
		Debug|Any CPU = Debug|Any CPU
		Release|Any CPU = Release|Any CPU
	EndGlobalSection
	GlobalSection(ProjectConfigurationPlatforms) = postSolution
		{027A682D-5E01-42DE-8C34-BC921191AA25}.Debug|Any CPU.ActiveCfg = Debug|Any CPU
		{027A682D-5E01-42DE-8C34-BC921191AA25}.Debug|Any CPU.Build.0 = Debug|Any CPU
		{027A682D-5E01-42DE-8C34-BC921191AA25}.Release|Any CPU.ActiveCfg = Release|Any CPU
		{027A682D-5E01-42DE-8C34-BC921191AA25}.Release|Any CPU.Build.0 = Release|Any CPU
	EndGlobalSection
	GlobalSection(SolutionProperties) = preSolution
		HideSolutionNode = FALSE
	EndGlobalSection
	GlobalSection(ExtensibilityGlobals) = postSolution
		SolutionGuid = {26309472-8C32-4978-8EF6-612EBB0F6073}
	EndGlobalSection
EndGlobal
